
Microsoft Visual Studio Solution File, Format Version 12.00
# Visual Studio 15
VisualStudioVersion = 15.0.28307.1000
MinimumVisualStudioVersion = 10.0.40219.1
Project("{FAE04EC0-301F-11D3-BF4B-00C04F79EFBC}") = "Laboratorio 2", "Laboratorio 2\Laboratorio 2.csproj", "{230663A4-987E-4775-A39A-D4F3965D9CA5}"
EndProject
Global
	GlobalSection(SolutionConfigurationPlatforms) = preSolution
		Debug|Any CPU = Debug|Any CPU
		Release|Any CPU = Release|Any CPU
	EndGlobalSection
	GlobalSection(ProjectConfigurationPlatforms) = postSolution
		{230663A4-987E-4775-A39A-D4F3965D9CA5}.Debug|Any CPU.ActiveCfg = Debug|Any CPU
		{230663A4-987E-4775-A39A-D4F3965D9CA5}.Debug|Any CPU.Build.0 = Debug|Any CPU
		{230663A4-987E-4775-A39A-D4F3965D9CA5}.Release|Any CPU.ActiveCfg = Release|Any CPU
		{230663A4-987E-4775-A39A-D4F3965D9CA5}.Release|Any CPU.Build.0 = Release|Any CPU
	EndGlobalSection
	GlobalSection(SolutionProperties) = preSolution
		HideSolutionNode = FALSE
	EndGlobalSection
	GlobalSection(ExtensibilityGlobals) = postSolution
		SolutionGuid = {AD648A77-F4A3-4C0D-BFA5-1252DBD5F6D5}
	EndGlobalSection
EndGlobal
